{
  "pins" : [
    {
      "identity" : "djinni",
      "kind" : "remoteSourceControl",
      "location" : "https://github.com/UbiqueInnovation/djinni.git",
      "state" : {
        "revision" : "573dd5252eb402a68e492ce42167a21a7e0886f7",
        "version" : "1.0.6"
      }
    },
    {
      "identity" : "layer-gps",
      "kind" : "remoteSourceControl",
      "location" : "https://github.com/openmobilemaps/layer-gps.git",
      "state" : {
        "revision" : "5a926673ef9913ea5d4094f4f32ec886f52d8ca7",
        "version" : "1.5.3"
      }
    },
    {
      "identity" : "lib-open-swiss-maps-sdk",
      "kind" : "remoteSourceControl",
      "location" : "https://github.com/geoadmin/lib-open-swiss-maps-sdk.git",
      "state" : {
        "revision" : "1738587d0d507eb486680f6cfb47cf4958c053b4",
        "version" : "1.5.3"
      }
    },
    {
      "identity" : "maps-core",
      "kind" : "remoteSourceControl",
      "location" : "https://github.com/openmobilemaps/maps-core.git",
      "state" : {
        "revision" : "0a3c7a736786a72346e81ae67d9a7743fb2f8f12",
        "version" : "1.5.3"
      }
    },
    {
      "identity" : "ubkit-ios",
      "kind" : "remoteSourceControl",
      "location" : "https://github.com/UbiqueInnovation/ubkit-ios",
      "state" : {
        "revision" : "48f4a00d45d87717e5250dc639faf6a9cc0dd727",
        "version" : "1.9.3"
      }
    }
  ],
  "version" : 2
}
