// !$*UTF8*$!
{
	archiveVersion = 1;
	classes = {
	};
	objectVersion = 56;
	objects = {

/* Begin PBXBuildFile section */
		532257E12B2B759F001660A1 /* Capitals.swift in Sources */ = {isa = PBXBuildFile; fileRef = 532257E02B2B759F001660A1 /* Capitals.swift */; };
		532257E32B2B75FC001660A1 /* Flags.swift in Sources */ = {isa = PBXBuildFile; fileRef = 532257E22B2B75FC001660A1 /* Flags.swift */; };
		532257E52B2B764F001660A1 /* Growth.swift in Sources */ = {isa = PBXBuildFile; fileRef = 532257E42B2B764F001660A1 /* Growth.swift */; };
		532257E72B2B7671001660A1 /* Cities.swift in Sources */ = {isa = PBXBuildFile; fileRef = 532257E62B2B7671001660A1 /* Cities.swift */; };
		532257E92B2B767C001660A1 /* Lakes.swift in Sources */ = {isa = PBXBuildFile; fileRef = 532257E82B2B767C001660A1 /* Lakes.swift */; };
		532257EB2B2B7681001660A1 /* Cantons.swift in Sources */ = {isa = PBXBuildFile; fileRef = 532257EA2B2B7681001660A1 /* Cantons.swift */; };
		532257ED2B2B7AE2001660A1 /* Food.swift in Sources */ = {isa = PBXBuildFile; fileRef = 532257EC2B2B7AE2001660A1 /* Food.swift */; };
		5326F1492B7D5A7D00F5D81B /* QuizzesView.swift in Sources */ = {isa = PBXBuildFile; fileRef = 5326F1482B7D5A7D00F5D81B /* QuizzesView.swift */; };
		5326F14B2B7D5B0000F5D81B /* LeaderboardView.swift in Sources */ = {isa = PBXBuildFile; fileRef = 5326F14A2B7D5B0000F5D81B /* LeaderboardView.swift */; };
		532AB0252B6CF01900048355 /* FinalScoreView.swift in Sources */ = {isa = PBXBuildFile; fileRef = 532AB0242B6CF01900048355 /* FinalScoreView.swift */; };
		532AB0272B6CF04F00048355 /* CloseButtonView.swift in Sources */ = {isa = PBXBuildFile; fileRef = 532AB0262B6CF04F00048355 /* CloseButtonView.swift */; };
		5334B1082B7C0D0300651944 /* Localizable.xcstrings in Resources */ = {isa = PBXBuildFile; fileRef = 5334B1072B7C0D0300651944 /* Localizable.xcstrings */; };
		5344001F2B4AC2F500D57D05 /* Quiz.swift in Sources */ = {isa = PBXBuildFile; fileRef = 5344001E2B4AC2F400D57D05 /* Quiz.swift */; };
		5345AC272B498159002E80E7 /* QuestionView.swift in Sources */ = {isa = PBXBuildFile; fileRef = 5345AC262B498159002E80E7 /* QuestionView.swift */; };
		534F59A42B65193600659261 /* CevicheOne-Regular.ttf in Resources */ = {isa = PBXBuildFile; fileRef = 534F59A32B65193600659261 /* CevicheOne-Regular.ttf */; };
		534F59A72B66646A00659261 /* BubblegumSans-Regular.ttf in Resources */ = {isa = PBXBuildFile; fileRef = 534F59A62B66646A00659261 /* BubblegumSans-Regular.ttf */; };
		5350E0F72B78D3BF00BDAE35 /* Test.swift in Sources */ = {isa = PBXBuildFile; fileRef = 5350E0F62B78D3BF00BDAE35 /* Test.swift */; };
		5350E0F92B79095E00BDAE35 /* Answer.swift in Sources */ = {isa = PBXBuildFile; fileRef = 5350E0F82B79095E00BDAE35 /* Answer.swift */; };
		5350E0FB2B79098000BDAE35 /* ChoicesView.swift in Sources */ = {isa = PBXBuildFile; fileRef = 5350E0FA2B79098000BDAE35 /* ChoicesView.swift */; };
		5350E0FD2B790CF900BDAE35 /* QuizMenuItemView.swift in Sources */ = {isa = PBXBuildFile; fileRef = 5350E0FC2B790CF900BDAE35 /* QuizMenuItemView.swift */; };
		5350E0FF2B790FBA00BDAE35 /* HudView.swift in Sources */ = {isa = PBXBuildFile; fileRef = 5350E0FE2B790FBA00BDAE35 /* HudView.swift */; };
		5350E1022B79157300BDAE35 /* SwisstopoMapSDK in Frameworks */ = {isa = PBXBuildFile; productRef = 5350E1012B79157300BDAE35 /* SwisstopoMapSDK */; };
		5350E1042B79157300BDAE35 /* SwisstopoMapSDKSharedModule in Frameworks */ = {isa = PBXBuildFile; productRef = 5350E1032B79157300BDAE35 /* SwisstopoMapSDKSharedModule */; };
		5350E1062B79157300BDAE35 /* SwisstopoMapSDKSharedModuleCpp in Frameworks */ = {isa = PBXBuildFile; productRef = 5350E1052B79157300BDAE35 /* SwisstopoMapSDKSharedModuleCpp */; };
		5350E10A2B7915BE00BDAE35 /* MapView.swift in Sources */ = {isa = PBXBuildFile; fileRef = 5350E1092B7915BE00BDAE35 /* MapView.swift */; };
		53626D4B2B28D31000931BE8 /* Question.swift in Sources */ = {isa = PBXBuildFile; fileRef = 53626D4A2B28D31000931BE8 /* Question.swift */; };
		53626D4D2B28D32300931BE8 /* Choice.swift in Sources */ = {isa = PBXBuildFile; fileRef = 53626D4C2B28D32300931BE8 /* Choice.swift */; };
		539045562B45D3E2006421FB /* ChoiceView.swift in Sources */ = {isa = PBXBuildFile; fileRef = 539045552B45D3E2006421FB /* ChoiceView.swift */; };
		53C45E3A2B1E47A1006C4836 /* SwissQuizzApp.swift in Sources */ = {isa = PBXBuildFile; fileRef = 53C45E392B1E47A1006C4836 /* SwissQuizzApp.swift */; };
		53C45E3C2B1E47A1006C4836 /* ContentView.swift in Sources */ = {isa = PBXBuildFile; fileRef = 53C45E3B2B1E47A1006C4836 /* ContentView.swift */; };
		53C45E3E2B1E47A3006C4836 /* Assets.xcassets in Resources */ = {isa = PBXBuildFile; fileRef = 53C45E3D2B1E47A3006C4836 /* Assets.xcassets */; };
		53C45E412B1E47A3006C4836 /* Preview Assets.xcassets in Resources */ = {isa = PBXBuildFile; fileRef = 53C45E402B1E47A3006C4836 /* Preview Assets.xcassets */; };
		53C45E482B1E4A8D006C4836 /* QuizView.swift in Sources */ = {isa = PBXBuildFile; fileRef = 53C45E472B1E4A8D006C4836 /* QuizView.swift */; };
/* End PBXBuildFile section */

/* Begin PBXFileReference section */
		532257E02B2B759F001660A1 /* Capitals.swift */ = {isa = PBXFileReference; lastKnownFileType = sourcecode.swift; path = Capitals.swift; sourceTree = "<group>"; };
		532257E22B2B75FC001660A1 /* Flags.swift */ = {isa = PBXFileReference; fileEncoding = 4; lastKnownFileType = sourcecode.swift; path = Flags.swift; sourceTree = "<group>"; };
		532257E42B2B764F001660A1 /* Growth.swift */ = {isa = PBXFileReference; fileEncoding = 4; lastKnownFileType = sourcecode.swift; path = Growth.swift; sourceTree = "<group>"; };
		532257E62B2B7671001660A1 /* Cities.swift */ = {isa = PBXFileReference; fileEncoding = 4; lastKnownFileType = sourcecode.swift; path = Cities.swift; sourceTree = "<group>"; };
		532257E82B2B767C001660A1 /* Lakes.swift */ = {isa = PBXFileReference; fileEncoding = 4; lastKnownFileType = sourcecode.swift; path = Lakes.swift; sourceTree = "<group>"; };
		532257EA2B2B7681001660A1 /* Cantons.swift */ = {isa = PBXFileReference; fileEncoding = 4; lastKnownFileType = sourcecode.swift; path = Cantons.swift; sourceTree = "<group>"; };
		532257EC2B2B7AE2001660A1 /* Food.swift */ = {isa = PBXFileReference; fileEncoding = 4; lastKnownFileType = sourcecode.swift; path = Food.swift; sourceTree = "<group>"; };
		5326F1482B7D5A7D00F5D81B /* QuizzesView.swift */ = {isa = PBXFileReference; lastKnownFileType = sourcecode.swift; path = QuizzesView.swift; sourceTree = "<group>"; };
		5326F14A2B7D5B0000F5D81B /* LeaderboardView.swift */ = {isa = PBXFileReference; lastKnownFileType = sourcecode.swift; path = LeaderboardView.swift; sourceTree = "<group>"; };
		532AB0242B6CF01900048355 /* FinalScoreView.swift */ = {isa = PBXFileReference; lastKnownFileType = sourcecode.swift; path = FinalScoreView.swift; sourceTree = "<group>"; };
		532AB0262B6CF04F00048355 /* CloseButtonView.swift */ = {isa = PBXFileReference; lastKnownFileType = sourcecode.swift; path = CloseButtonView.swift; sourceTree = "<group>"; };
		5334B1072B7C0D0300651944 /* Localizable.xcstrings */ = {isa = PBXFileReference; lastKnownFileType = text.json.xcstrings; path = Localizable.xcstrings; sourceTree = "<group>"; };
		5344001E2B4AC2F400D57D05 /* Quiz.swift */ = {isa = PBXFileReference; lastKnownFileType = sourcecode.swift; path = Quiz.swift; sourceTree = "<group>"; };
		5345AC262B498159002E80E7 /* QuestionView.swift */ = {isa = PBXFileReference; lastKnownFileType = sourcecode.swift; path = QuestionView.swift; sourceTree = "<group>"; };
		534F59A32B65193600659261 /* CevicheOne-Regular.ttf */ = {isa = PBXFileReference; lastKnownFileType = file; path = "CevicheOne-Regular.ttf"; sourceTree = "<group>"; };
		534F59A52B6519A800659261 /* Info.plist */ = {isa = PBXFileReference; lastKnownFileType = text.plist; path = Info.plist; sourceTree = "<group>"; };
		534F59A62B66646A00659261 /* BubblegumSans-Regular.ttf */ = {isa = PBXFileReference; lastKnownFileType = file; path = "BubblegumSans-Regular.ttf"; sourceTree = "<group>"; };
		5350E0F62B78D3BF00BDAE35 /* Test.swift */ = {isa = PBXFileReference; fileEncoding = 4; lastKnownFileType = sourcecode.swift; path = Test.swift; sourceTree = "<group>"; };
		5350E0F82B79095E00BDAE35 /* Answer.swift */ = {isa = PBXFileReference; lastKnownFileType = sourcecode.swift; path = Answer.swift; sourceTree = "<group>"; };
		5350E0FA2B79098000BDAE35 /* ChoicesView.swift */ = {isa = PBXFileReference; lastKnownFileType = sourcecode.swift; path = ChoicesView.swift; sourceTree = "<group>"; };
		5350E0FC2B790CF900BDAE35 /* QuizMenuItemView.swift */ = {isa = PBXFileReference; lastKnownFileType = sourcecode.swift; path = QuizMenuItemView.swift; sourceTree = "<group>"; };
		5350E0FE2B790FBA00BDAE35 /* HudView.swift */ = {isa = PBXFileReference; lastKnownFileType = sourcecode.swift; path = HudView.swift; sourceTree = "<group>"; };
		5350E1092B7915BE00BDAE35 /* MapView.swift */ = {isa = PBXFileReference; lastKnownFileType = sourcecode.swift; path = MapView.swift; sourceTree = "<group>"; };
		53626D4A2B28D31000931BE8 /* Question.swift */ = {isa = PBXFileReference; lastKnownFileType = sourcecode.swift; path = Question.swift; sourceTree = "<group>"; };
		53626D4C2B28D32300931BE8 /* Choice.swift */ = {isa = PBXFileReference; lastKnownFileType = sourcecode.swift; path = Choice.swift; sourceTree = "<group>"; };
		539045552B45D3E2006421FB /* ChoiceView.swift */ = {isa = PBXFileReference; lastKnownFileType = sourcecode.swift; path = ChoiceView.swift; sourceTree = "<group>"; };
		53C45E362B1E47A1006C4836 /* SwissQuizz.app */ = {isa = PBXFileReference; explicitFileType = wrapper.application; includeInIndex = 0; path = SwissQuizz.app; sourceTree = BUILT_PRODUCTS_DIR; };
		53C45E392B1E47A1006C4836 /* SwissQuizzApp.swift */ = {isa = PBXFileReference; lastKnownFileType = sourcecode.swift; path = SwissQuizzApp.swift; sourceTree = "<group>"; };
		53C45E3B2B1E47A1006C4836 /* ContentView.swift */ = {isa = PBXFileReference; lastKnownFileType = sourcecode.swift; path = ContentView.swift; sourceTree = "<group>"; };
		53C45E3D2B1E47A3006C4836 /* Assets.xcassets */ = {isa = PBXFileReference; lastKnownFileType = folder.assetcatalog; path = Assets.xcassets; sourceTree = "<group>"; };
		53C45E402B1E47A3006C4836 /* Preview Assets.xcassets */ = {isa = PBXFileReference; lastKnownFileType = folder.assetcatalog; path = "Preview Assets.xcassets"; sourceTree = "<group>"; };
		53C45E472B1E4A8D006C4836 /* QuizView.swift */ = {isa = PBXFileReference; lastKnownFileType = sourcecode.swift; path = QuizView.swift; sourceTree = "<group>"; };
/* End PBXFileReference section */

/* Begin PBXFrameworksBuildPhase section */
		53C45E332B1E47A1006C4836 /* Frameworks */ = {
			isa = PBXFrameworksBuildPhase;
			buildActionMask = 2147483647;
			files = (
				5350E1022B79157300BDAE35 /* SwisstopoMapSDK in Frameworks */,
				5350E1042B79157300BDAE35 /* SwisstopoMapSDKSharedModule in Frameworks */,
				5350E1062B79157300BDAE35 /* SwisstopoMapSDKSharedModuleCpp in Frameworks */,
			);
			runOnlyForDeploymentPostprocessing = 0;
		};
/* End PBXFrameworksBuildPhase section */

/* Begin PBXGroup section */
		532257DF2B2B7574001660A1 /* Quizzes */ = {
			isa = PBXGroup;
			children = (
				532257E02B2B759F001660A1 /* Capitals.swift */,
				532257E22B2B75FC001660A1 /* Flags.swift */,
				5350E0F62B78D3BF00BDAE35 /* Test.swift */,
				532257E42B2B764F001660A1 /* Growth.swift */,
				532257E62B2B7671001660A1 /* Cities.swift */,
				532257E82B2B767C001660A1 /* Lakes.swift */,
				532257EA2B2B7681001660A1 /* Cantons.swift */,
				532257EC2B2B7AE2001660A1 /* Food.swift */,
			);
			path = Quizzes;
			sourceTree = "<group>";
		};
		5344001D2B4AC2D300D57D05 /* Models */ = {
			isa = PBXGroup;
			children = (
				5344001E2B4AC2F400D57D05 /* Quiz.swift */,
				53626D4A2B28D31000931BE8 /* Question.swift */,
				53626D4C2B28D32300931BE8 /* Choice.swift */,
				5350E0F82B79095E00BDAE35 /* Answer.swift */,
			);
			path = Models;
			sourceTree = "<group>";
		};
		534F59A22B65191200659261 /* Fonts */ = {
			isa = PBXGroup;
			children = (
				534F59A62B66646A00659261 /* BubblegumSans-Regular.ttf */,
				534F59A32B65193600659261 /* CevicheOne-Regular.ttf */,
			);
			path = Fonts;
			sourceTree = "<group>";
		};
		53C45E2D2B1E47A1006C4836 = {
			isa = PBXGroup;
			children = (
				53C45E382B1E47A1006C4836 /* SwissQuizz */,
				53C45E372B1E47A1006C4836 /* Products */,
			);
			sourceTree = "<group>";
		};
		53C45E372B1E47A1006C4836 /* Products */ = {
			isa = PBXGroup;
			children = (
				53C45E362B1E47A1006C4836 /* SwissQuizz.app */,
			);
			name = Products;
			sourceTree = "<group>";
		};
		53C45E382B1E47A1006C4836 /* SwissQuizz */ = {
			isa = PBXGroup;
			children = (
				534F59A52B6519A800659261 /* Info.plist */,
				534F59A22B65191200659261 /* Fonts */,
				53C45E392B1E47A1006C4836 /* SwissQuizzApp.swift */,
				53C45E3B2B1E47A1006C4836 /* ContentView.swift */,
				5326F14A2B7D5B0000F5D81B /* LeaderboardView.swift */,
				5334B1072B7C0D0300651944 /* Localizable.xcstrings */,
				5326F1482B7D5A7D00F5D81B /* QuizzesView.swift */,
				5350E0FC2B790CF900BDAE35 /* QuizMenuItemView.swift */,
				53C45E472B1E4A8D006C4836 /* QuizView.swift */,
				5350E1092B7915BE00BDAE35 /* MapView.swift */,
				5350E0FE2B790FBA00BDAE35 /* HudView.swift */,
				532AB0262B6CF04F00048355 /* CloseButtonView.swift */,
				532AB0242B6CF01900048355 /* FinalScoreView.swift */,
				5345AC262B498159002E80E7 /* QuestionView.swift */,
				5350E0FA2B79098000BDAE35 /* ChoicesView.swift */,
				539045552B45D3E2006421FB /* ChoiceView.swift */,
				5344001D2B4AC2D300D57D05 /* Models */,
				532257DF2B2B7574001660A1 /* Quizzes */,
				53C45E3D2B1E47A3006C4836 /* Assets.xcassets */,
				53C45E3F2B1E47A3006C4836 /* Preview Content */,
			);
			path = SwissQuizz;
			sourceTree = "<group>";
		};
		53C45E3F2B1E47A3006C4836 /* Preview Content */ = {
			isa = PBXGroup;
			children = (
				53C45E402B1E47A3006C4836 /* Preview Assets.xcassets */,
			);
			path = "Preview Content";
			sourceTree = "<group>";
		};
/* End PBXGroup section */

/* Begin PBXNativeTarget section */
		53C45E352B1E47A1006C4836 /* SwissQuizz */ = {
			isa = PBXNativeTarget;
			buildConfigurationList = 53C45E442B1E47A3006C4836 /* Build configuration list for PBXNativeTarget "SwissQuizz" */;
			buildPhases = (
				53C45E322B1E47A1006C4836 /* Sources */,
				53C45E332B1E47A1006C4836 /* Frameworks */,
				53C45E342B1E47A1006C4836 /* Resources */,
			);
			buildRules = (
			);
			dependencies = (
			);
			name = SwissQuizz;
			packageProductDependencies = (
				5350E1012B79157300BDAE35 /* SwisstopoMapSDK */,
				5350E1032B79157300BDAE35 /* SwisstopoMapSDKSharedModule */,
				5350E1052B79157300BDAE35 /* SwisstopoMapSDKSharedModuleCpp */,
			);
			productName = SwissQuizz;
			productReference = 53C45E362B1E47A1006C4836 /* SwissQuizz.app */;
			productType = "com.apple.product-type.application";
		};
/* End PBXNativeTarget section */

/* Begin PBXProject section */
		53C45E2E2B1E47A1006C4836 /* Project object */ = {
			isa = PBXProject;
			attributes = {
				BuildIndependentTargetsInParallel = 1;
				LastSwiftUpdateCheck = 1500;
				LastUpgradeCheck = 1500;
				TargetAttributes = {
					53C45E352B1E47A1006C4836 = {
						CreatedOnToolsVersion = 15.0.1;
					};
				};
			};
			buildConfigurationList = 53C45E312B1E47A1006C4836 /* Build configuration list for PBXProject "SwissQuizz" */;
			compatibilityVersion = "Xcode 14.0";
			developmentRegion = en;
			hasScannedForEncodings = 0;
			knownRegions = (
				en,
				Base,
				fr,
				it,
				rm,
				de,
			);
			mainGroup = 53C45E2D2B1E47A1006C4836;
			packageReferences = (
				5350E1002B79157300BDAE35 /* XCRemoteSwiftPackageReference "lib-open-swiss-maps-sdk" */,
			);
			productRefGroup = 53C45E372B1E47A1006C4836 /* Products */;
			projectDirPath = "";
			projectRoot = "";
			targets = (
				53C45E352B1E47A1006C4836 /* SwissQuizz */,
			);
		};
/* End PBXProject section */

/* Begin PBXResourcesBuildPhase section */
		53C45E342B1E47A1006C4836 /* Resources */ = {
			isa = PBXResourcesBuildPhase;
			buildActionMask = 2147483647;
			files = (
				53C45E412B1E47A3006C4836 /* Preview Assets.xcassets in Resources */,
				5334B1082B7C0D0300651944 /* Localizable.xcstrings in Resources */,
				53C45E3E2B1E47A3006C4836 /* Assets.xcassets in Resources */,
				534F59A72B66646A00659261 /* BubblegumSans-Regular.ttf in Resources */,
				534F59A42B65193600659261 /* CevicheOne-Regular.ttf in Resources */,
			);
			runOnlyForDeploymentPostprocessing = 0;
		};
/* End PBXResourcesBuildPhase section */

/* Begin PBXSourcesBuildPhase section */
		53C45E322B1E47A1006C4836 /* Sources */ = {
			isa = PBXSourcesBuildPhase;
			buildActionMask = 2147483647;
			files = (
				532AB0252B6CF01900048355 /* FinalScoreView.swift in Sources */,
				53C45E3C2B1E47A1006C4836 /* ContentView.swift in Sources */,
				5326F1492B7D5A7D00F5D81B /* QuizzesView.swift in Sources */,
				53626D4B2B28D31000931BE8 /* Question.swift in Sources */,
				539045562B45D3E2006421FB /* ChoiceView.swift in Sources */,
				532257E52B2B764F001660A1 /* Growth.swift in Sources */,
				53626D4D2B28D32300931BE8 /* Choice.swift in Sources */,
				53C45E3A2B1E47A1006C4836 /* SwissQuizzApp.swift in Sources */,
				532257ED2B2B7AE2001660A1 /* Food.swift in Sources */,
				5350E0FD2B790CF900BDAE35 /* QuizMenuItemView.swift in Sources */,
				5326F14B2B7D5B0000F5D81B /* LeaderboardView.swift in Sources */,
				5350E10A2B7915BE00BDAE35 /* MapView.swift in Sources */,
				532257E12B2B759F001660A1 /* Capitals.swift in Sources */,
				5350E0FB2B79098000BDAE35 /* ChoicesView.swift in Sources */,
				532257E92B2B767C001660A1 /* Lakes.swift in Sources */,
				532257E72B2B7671001660A1 /* Cities.swift in Sources */,
				5350E0F72B78D3BF00BDAE35 /* Test.swift in Sources */,
				5345AC272B498159002E80E7 /* QuestionView.swift in Sources */,
				5344001F2B4AC2F500D57D05 /* Quiz.swift in Sources */,
				5350E0F92B79095E00BDAE35 /* Answer.swift in Sources */,
				532257EB2B2B7681001660A1 /* Cantons.swift in Sources */,
				5350E0FF2B790FBA00BDAE35 /* HudView.swift in Sources */,
				532AB0272B6CF04F00048355 /* CloseButtonView.swift in Sources */,
				53C45E482B1E4A8D006C4836 /* QuizView.swift in Sources */,
				532257E32B2B75FC001660A1 /* Flags.swift in Sources */,
			);
			runOnlyForDeploymentPostprocessing = 0;
		};
/* End PBXSourcesBuildPhase section */

/* Begin XCBuildConfiguration section */
		53C45E422B1E47A3006C4836 /* Debug */ = {
			isa = XCBuildConfiguration;
			buildSettings = {
				ALWAYS_SEARCH_USER_PATHS = NO;
				ASSETCATALOG_COMPILER_GENERATE_SWIFT_ASSET_SYMBOL_EXTENSIONS = YES;
				CLANG_ANALYZER_NONNULL = YES;
				CLANG_ANALYZER_NUMBER_OBJECT_CONVERSION = YES_AGGRESSIVE;
				CLANG_CXX_LANGUAGE_STANDARD = "gnu++20";
				CLANG_ENABLE_MODULES = YES;
				CLANG_ENABLE_OBJC_ARC = YES;
				CLANG_ENABLE_OBJC_WEAK = YES;
				CLANG_WARN_BLOCK_CAPTURE_AUTORELEASING = YES;
				CLANG_WARN_BOOL_CONVERSION = YES;
				CLANG_WARN_COMMA = YES;
				CLANG_WARN_CONSTANT_CONVERSION = YES;
				CLANG_WARN_DEPRECATED_OBJC_IMPLEMENTATIONS = YES;
				CLANG_WARN_DIRECT_OBJC_ISA_USAGE = YES_ERROR;
				CLANG_WARN_DOCUMENTATION_COMMENTS = YES;
				CLANG_WARN_EMPTY_BODY = YES;
				CLANG_WARN_ENUM_CONVERSION = YES;
				CLANG_WARN_INFINITE_RECURSION = YES;
				CLANG_WARN_INT_CONVERSION = YES;
				CLANG_WARN_NON_LITERAL_NULL_CONVERSION = YES;
				CLANG_WARN_OBJC_IMPLICIT_RETAIN_SELF = YES;
				CLANG_WARN_OBJC_LITERAL_CONVERSION = YES;
				CLANG_WARN_OBJC_ROOT_CLASS = YES_ERROR;
				CLANG_WARN_QUOTED_INCLUDE_IN_FRAMEWORK_HEADER = YES;
				CLANG_WARN_RANGE_LOOP_ANALYSIS = YES;
				CLANG_WARN_STRICT_PROTOTYPES = YES;
				CLANG_WARN_SUSPICIOUS_MOVE = YES;
				CLANG_WARN_UNGUARDED_AVAILABILITY = YES_AGGRESSIVE;
				CLANG_WARN_UNREACHABLE_CODE = YES;
				CLANG_WARN__DUPLICATE_METHOD_MATCH = YES;
				COPY_PHASE_STRIP = NO;
				DEBUG_INFORMATION_FORMAT = dwarf;
				ENABLE_STRICT_OBJC_MSGSEND = YES;
				ENABLE_TESTABILITY = YES;
				ENABLE_USER_SCRIPT_SANDBOXING = YES;
				GCC_C_LANGUAGE_STANDARD = gnu17;
				GCC_DYNAMIC_NO_PIC = NO;
				GCC_NO_COMMON_BLOCKS = YES;
				GCC_OPTIMIZATION_LEVEL = 0;
				GCC_PREPROCESSOR_DEFINITIONS = (
					"DEBUG=1",
					"$(inherited)",
				);
				GCC_WARN_64_TO_32_BIT_CONVERSION = YES;
				GCC_WARN_ABOUT_RETURN_TYPE = YES_ERROR;
				GCC_WARN_UNDECLARED_SELECTOR = YES;
				GCC_WARN_UNINITIALIZED_AUTOS = YES_AGGRESSIVE;
				GCC_WARN_UNUSED_FUNCTION = YES;
				GCC_WARN_UNUSED_VARIABLE = YES;
				IPHONEOS_DEPLOYMENT_TARGET = 17.0;
				LOCALIZATION_PREFERS_STRING_CATALOGS = YES;
				MTL_ENABLE_DEBUG_INFO = INCLUDE_SOURCE;
				MTL_FAST_MATH = YES;
				ONLY_ACTIVE_ARCH = YES;
				SDKROOT = iphoneos;
				SWIFT_ACTIVE_COMPILATION_CONDITIONS = "DEBUG $(inherited)";
				SWIFT_OPTIMIZATION_LEVEL = "-Onone";
			};
			name = Debug;
		};
		53C45E432B1E47A3006C4836 /* Release */ = {
			isa = XCBuildConfiguration;
			buildSettings = {
				ALWAYS_SEARCH_USER_PATHS = NO;
				ASSETCATALOG_COMPILER_GENERATE_SWIFT_ASSET_SYMBOL_EXTENSIONS = YES;
				CLANG_ANALYZER_NONNULL = YES;
				CLANG_ANALYZER_NUMBER_OBJECT_CONVERSION = YES_AGGRESSIVE;
				CLANG_CXX_LANGUAGE_STANDARD = "gnu++20";
				CLANG_ENABLE_MODULES = YES;
				CLANG_ENABLE_OBJC_ARC = YES;
				CLANG_ENABLE_OBJC_WEAK = YES;
				CLANG_WARN_BLOCK_CAPTURE_AUTORELEASING = YES;
				CLANG_WARN_BOOL_CONVERSION = YES;
				CLANG_WARN_COMMA = YES;
				CLANG_WARN_CONSTANT_CONVERSION = YES;
				CLANG_WARN_DEPRECATED_OBJC_IMPLEMENTATIONS = YES;
				CLANG_WARN_DIRECT_OBJC_ISA_USAGE = YES_ERROR;
				CLANG_WARN_DOCUMENTATION_COMMENTS = YES;
				CLANG_WARN_EMPTY_BODY = YES;
				CLANG_WARN_ENUM_CONVERSION = YES;
				CLANG_WARN_INFINITE_RECURSION = YES;
				CLANG_WARN_INT_CONVERSION = YES;
				CLANG_WARN_NON_LITERAL_NULL_CONVERSION = YES;
				CLANG_WARN_OBJC_IMPLICIT_RETAIN_SELF = YES;
				CLANG_WARN_OBJC_LITERAL_CONVERSION = YES;
				CLANG_WARN_OBJC_ROOT_CLASS = YES_ERROR;
				CLANG_WARN_QUOTED_INCLUDE_IN_FRAMEWORK_HEADER = YES;
				CLANG_WARN_RANGE_LOOP_ANALYSIS = YES;
				CLANG_WARN_STRICT_PROTOTYPES = YES;
				CLANG_WARN_SUSPICIOUS_MOVE = YES;
				CLANG_WARN_UNGUARDED_AVAILABILITY = YES_AGGRESSIVE;
				CLANG_WARN_UNREACHABLE_CODE = YES;
				CLANG_WARN__DUPLICATE_METHOD_MATCH = YES;
				COPY_PHASE_STRIP = NO;
				DEBUG_INFORMATION_FORMAT = "dwarf-with-dsym";
				ENABLE_NS_ASSERTIONS = NO;
				ENABLE_STRICT_OBJC_MSGSEND = YES;
				ENABLE_USER_SCRIPT_SANDBOXING = YES;
				GCC_C_LANGUAGE_STANDARD = gnu17;
				GCC_NO_COMMON_BLOCKS = YES;
				GCC_WARN_64_TO_32_BIT_CONVERSION = YES;
				GCC_WARN_ABOUT_RETURN_TYPE = YES_ERROR;
				GCC_WARN_UNDECLARED_SELECTOR = YES;
				GCC_WARN_UNINITIALIZED_AUTOS = YES_AGGRESSIVE;
				GCC_WARN_UNUSED_FUNCTION = YES;
				GCC_WARN_UNUSED_VARIABLE = YES;
				IPHONEOS_DEPLOYMENT_TARGET = 17.0;
				LOCALIZATION_PREFERS_STRING_CATALOGS = YES;
				MTL_ENABLE_DEBUG_INFO = NO;
				MTL_FAST_MATH = YES;
				SDKROOT = iphoneos;
				SWIFT_COMPILATION_MODE = wholemodule;
				VALIDATE_PRODUCT = YES;
			};
			name = Release;
		};
		53C45E452B1E47A3006C4836 /* Debug */ = {
			isa = XCBuildConfiguration;
			buildSettings = {
				ASSETCATALOG_COMPILER_APPICON_NAME = AppIcon;
				ASSETCATALOG_COMPILER_GLOBAL_ACCENT_COLOR_NAME = AccentColor;
				CODE_SIGN_STYLE = Automatic;
				CURRENT_PROJECT_VERSION = 1;
				DEVELOPMENT_ASSET_PATHS = "\"SwissQuizz/Preview Content\"";
				DEVELOPMENT_TEAM = GW72JAWC42;
				ENABLE_PREVIEWS = YES;
				GENERATE_INFOPLIST_FILE = YES;
				INFOPLIST_FILE = SwissQuizz/Info.plist;
				INFOPLIST_KEY_UIApplicationSceneManifest_Generation = YES;
				INFOPLIST_KEY_UIApplicationSupportsIndirectInputEvents = YES;
				INFOPLIST_KEY_UILaunchScreen_Generation = YES;
				INFOPLIST_KEY_UISupportedInterfaceOrientations_iPad = "UIInterfaceOrientationPortrait UIInterfaceOrientationPortraitUpsideDown UIInterfaceOrientationLandscapeLeft UIInterfaceOrientationLandscapeRight";
				INFOPLIST_KEY_UISupportedInterfaceOrientations_iPhone = "UIInterfaceOrientationPortrait UIInterfaceOrientationLandscapeLeft UIInterfaceOrientationLandscapeRight";
				IPHONEOS_DEPLOYMENT_TARGET = 16.0;
				LD_RUNPATH_SEARCH_PATHS = (
					"$(inherited)",
					"@executable_path/Frameworks",
				);
				MARKETING_VERSION = 1.0;
				PRODUCT_BUNDLE_IDENTIFIER = com.delices.SwissQuizz;
				PRODUCT_NAME = "$(TARGET_NAME)";
				SWIFT_EMIT_LOC_STRINGS = YES;
				SWIFT_VERSION = 5.0;
				TARGETED_DEVICE_FAMILY = "1,2";
			};
			name = Debug;
		};
		53C45E462B1E47A3006C4836 /* Release */ = {
			isa = XCBuildConfiguration;
			buildSettings = {
				ASSETCATALOG_COMPILER_APPICON_NAME = AppIcon;
				ASSETCATALOG_COMPILER_GLOBAL_ACCENT_COLOR_NAME = AccentColor;
				CODE_SIGN_STYLE = Automatic;
				CURRENT_PROJECT_VERSION = 1;
				DEVELOPMENT_ASSET_PATHS = "\"SwissQuizz/Preview Content\"";
				DEVELOPMENT_TEAM = GW72JAWC42;
				ENABLE_PREVIEWS = YES;
				GENERATE_INFOPLIST_FILE = YES;
				INFOPLIST_FILE = SwissQuizz/Info.plist;
				INFOPLIST_KEY_UIApplicationSceneManifest_Generation = YES;
				INFOPLIST_KEY_UIApplicationSupportsIndirectInputEvents = YES;
				INFOPLIST_KEY_UILaunchScreen_Generation = YES;
				INFOPLIST_KEY_UISupportedInterfaceOrientations_iPad = "UIInterfaceOrientationPortrait UIInterfaceOrientationPortraitUpsideDown UIInterfaceOrientationLandscapeLeft UIInterfaceOrientationLandscapeRight";
				INFOPLIST_KEY_UISupportedInterfaceOrientations_iPhone = "UIInterfaceOrientationPortrait UIInterfaceOrientationLandscapeLeft UIInterfaceOrientationLandscapeRight";
				IPHONEOS_DEPLOYMENT_TARGET = 16.0;
				LD_RUNPATH_SEARCH_PATHS = (
					"$(inherited)",
					"@executable_path/Frameworks",
				);
				MARKETING_VERSION = 1.0;
				PRODUCT_BUNDLE_IDENTIFIER = com.delices.SwissQuizz;
				PRODUCT_NAME = "$(TARGET_NAME)";
				SWIFT_EMIT_LOC_STRINGS = YES;
				SWIFT_VERSION = 5.0;
				TARGETED_DEVICE_FAMILY = "1,2";
			};
			name = Release;
		};
/* End XCBuildConfiguration section */

/* Begin XCConfigurationList section */
		53C45E312B1E47A1006C4836 /* Build configuration list for PBXProject "SwissQuizz" */ = {
			isa = XCConfigurationList;
			buildConfigurations = (
				53C45E422B1E47A3006C4836 /* Debug */,
				53C45E432B1E47A3006C4836 /* Release */,
			);
			defaultConfigurationIsVisible = 0;
			defaultConfigurationName = Release;
		};
		53C45E442B1E47A3006C4836 /* Build configuration list for PBXNativeTarget "SwissQuizz" */ = {
			isa = XCConfigurationList;
			buildConfigurations = (
				53C45E452B1E47A3006C4836 /* Debug */,
				53C45E462B1E47A3006C4836 /* Release */,
			);
			defaultConfigurationIsVisible = 0;
			defaultConfigurationName = Release;
		};
/* End XCConfigurationList section */

/* Begin XCRemoteSwiftPackageReference section */
		5350E1002B79157300BDAE35 /* XCRemoteSwiftPackageReference "lib-open-swiss-maps-sdk" */ = {
			isa = XCRemoteSwiftPackageReference;
			repositoryURL = "https://github.com/geoadmin/lib-open-swiss-maps-sdk.git";
			requirement = {
				kind = upToNextMajorVersion;
				minimumVersion = 1.5.3;
			};
		};
/* End XCRemoteSwiftPackageReference section */

/* Begin XCSwiftPackageProductDependency section */
		5350E1012B79157300BDAE35 /* SwisstopoMapSDK */ = {
			isa = XCSwiftPackageProductDependency;
			package = 5350E1002B79157300BDAE35 /* XCRemoteSwiftPackageReference "lib-open-swiss-maps-sdk" */;
			productName = SwisstopoMapSDK;
		};
		5350E1032B79157300BDAE35 /* SwisstopoMapSDKSharedModule */ = {
			isa = XCSwiftPackageProductDependency;
			package = 5350E1002B79157300BDAE35 /* XCRemoteSwiftPackageReference "lib-open-swiss-maps-sdk" */;
			productName = SwisstopoMapSDKSharedModule;
		};
		5350E1052B79157300BDAE35 /* SwisstopoMapSDKSharedModuleCpp */ = {
			isa = XCSwiftPackageProductDependency;
			package = 5350E1002B79157300BDAE35 /* XCRemoteSwiftPackageReference "lib-open-swiss-maps-sdk" */;
			productName = SwisstopoMapSDKSharedModuleCpp;
		};
/* End XCSwiftPackageProductDependency section */
	};
	rootObject = 53C45E2E2B1E47A1006C4836 /* Project object */;
}
